
Microsoft Visual Studio Solution File, Format Version 12.00
# Visual Studio Version 16
VisualStudioVersion = 16.0.30406.217
MinimumVisualStudioVersion = 10.0.40219.1
Project("{FAE04EC0-301F-11D3-BF4B-00C04F79EFBC}") = "ProbabilitiesWebCalculator", "ProbabilitiesWebCalculator\ProbabilitiesWebCalculator.csproj", "{4379C1E6-00B3-4EC8-A4FA-82EDEDA24F39}"
EndProject
Project("{FAE04EC0-301F-11D3-BF4B-00C04F79EFBC}") = "ProbabilitiesCalculator.UnitTest", "ProbabilitiesCalculator.UnitTest\ProbabilitiesCalculator.UnitTest.csproj", "{CE3DBB6E-BC4B-46BF-93EF-BA837C49F56A}"
EndProject
Global
	GlobalSection(SolutionConfigurationPlatforms) = preSolution
		Debug|Any CPU = Debug|Any CPU
		Release|Any CPU = Release|Any CPU
	EndGlobalSection
	GlobalSection(ProjectConfigurationPlatforms) = postSolution
		{4379C1E6-00B3-4EC8-A4FA-82EDEDA24F39}.Debug|Any CPU.ActiveCfg = Debug|Any CPU
		{4379C1E6-00B3-4EC8-A4FA-82EDEDA24F39}.Debug|Any CPU.Build.0 = Debug|Any CPU
		{4379C1E6-00B3-4EC8-A4FA-82EDEDA24F39}.Release|Any CPU.ActiveCfg = Release|Any CPU
		{4379C1E6-00B3-4EC8-A4FA-82EDEDA24F39}.Release|Any CPU.Build.0 = Release|Any CPU
		{CE3DBB6E-BC4B-46BF-93EF-BA837C49F56A}.Debug|Any CPU.ActiveCfg = Debug|Any CPU
		{CE3DBB6E-BC4B-46BF-93EF-BA837C49F56A}.Debug|Any CPU.Build.0 = Debug|Any CPU
		{CE3DBB6E-BC4B-46BF-93EF-BA837C49F56A}.Release|Any CPU.ActiveCfg = Release|Any CPU
		{CE3DBB6E-BC4B-46BF-93EF-BA837C49F56A}.Release|Any CPU.Build.0 = Release|Any CPU
	EndGlobalSection
	GlobalSection(SolutionProperties) = preSolution
		HideSolutionNode = FALSE
	EndGlobalSection
	GlobalSection(ExtensibilityGlobals) = postSolution
		SolutionGuid = {677D0598-B9C6-4C3B-8843-907C49B961CB}
	EndGlobalSection
EndGlobal
